// !$*UTF8*$!
{
	archiveVersion = 1;
	classes = {
	};
	objectVersion = 51;
	objects = {

/* Begin PBXBuildFile section */
		0C083B1222065E91007ABBA9 /* UserCell.swift in Sources */ = {isa = PBXBuildFile; fileRef = 0C083B1022065E91007ABBA9 /* UserCell.swift */; };
		0C083B1322065E91007ABBA9 /* ChatMessageCell.swift in Sources */ = {isa = PBXBuildFile; fileRef = 0C083B1122065E91007ABBA9 /* ChatMessageCell.swift */; };
		0C083B1522065EF6007ABBA9 /* Message.swift in Sources */ = {isa = PBXBuildFile; fileRef = 0C083B1422065EF6007ABBA9 /* Message.swift */; };
		0C083B1722068DC8007ABBA9 /* User.swift in Sources */ = {isa = PBXBuildFile; fileRef = 0C083B1622068DC8007ABBA9 /* User.swift */; };
		0C5A57FC227F806F00B6C861 /* GoogleService-Info.plist in Resources */ = {isa = PBXBuildFile; fileRef = 0C5A57FB227F806E00B6C861 /* GoogleService-Info.plist */; };
		0C69353022A2F5A50037E40A /* ChatLogController.swift in Sources */ = {isa = PBXBuildFile; fileRef = 0C69352F22A2F5A50037E40A /* ChatLogController.swift */; };
		0C7D4DAC22656D5700F5A1E1 /* StoreKit.framework in Frameworks */ = {isa = PBXBuildFile; fileRef = 0C7D4DAB22656D5700F5A1E1 /* StoreKit.framework */; };
		0C92728F220627C40040FB0C /* LoginController+handlers.swift in Sources */ = {isa = PBXBuildFile; fileRef = 0C92728E220627C40040FB0C /* LoginController+handlers.swift */; };
		0C927292220637BC0040FB0C /* Extensions.swift in Sources */ = {isa = PBXBuildFile; fileRef = 0C927291220637BC0040FB0C /* Extensions.swift */; };
		0C93DB86220F55EA00A4B2C2 /* WorkoutController.swift in Sources */ = {isa = PBXBuildFile; fileRef = 0C93DB85220F55EA00A4B2C2 /* WorkoutController.swift */; };
		0CAD976D21FE693600F9E318 /* AppDelegate.swift in Sources */ = {isa = PBXBuildFile; fileRef = 0CAD976C21FE693600F9E318 /* AppDelegate.swift */; };
		0CAD976F21FE693600F9E318 /* MenuController.swift in Sources */ = {isa = PBXBuildFile; fileRef = 0CAD976E21FE693600F9E318 /* MenuController.swift */; };
		0CAD977221FE693600F9E318 /* Main.storyboard in Resources */ = {isa = PBXBuildFile; fileRef = 0CAD977021FE693600F9E318 /* Main.storyboard */; };
		0CAD977421FE693C00F9E318 /* Assets.xcassets in Resources */ = {isa = PBXBuildFile; fileRef = 0CAD977321FE693C00F9E318 /* Assets.xcassets */; };
		0CAD977721FE693C00F9E318 /* LaunchScreen.storyboard in Resources */ = {isa = PBXBuildFile; fileRef = 0CAD977521FE693C00F9E318 /* LaunchScreen.storyboard */; };
		0CAD978221FE693C00F9E318 /* SelfCareTests.swift in Sources */ = {isa = PBXBuildFile; fileRef = 0CAD978121FE693C00F9E318 /* SelfCareTests.swift */; };
		0CAD978D21FE693C00F9E318 /* SelfCareUITests.swift in Sources */ = {isa = PBXBuildFile; fileRef = 0CAD978C21FE693C00F9E318 /* SelfCareUITests.swift */; };
		0CAD979F21FE6DE900F9E318 /* LoginController.swift in Sources */ = {isa = PBXBuildFile; fileRef = 0CAD979E21FE6DE900F9E318 /* LoginController.swift */; };
		0CAD97A721FE835000F9E318 /* PoemController.swift in Sources */ = {isa = PBXBuildFile; fileRef = 0CAD97A621FE835000F9E318 /* PoemController.swift */; };
		0CAD97A921FE837800F9E318 /* WineController.swift in Sources */ = {isa = PBXBuildFile; fileRef = 0CAD97A821FE837800F9E318 /* WineController.swift */; };
		0CAD97AB21FE839200F9E318 /* RecipeController.swift in Sources */ = {isa = PBXBuildFile; fileRef = 0CAD97AA21FE839200F9E318 /* RecipeController.swift */; };
		90C70C4E4F962DBBA8863798 /* libPods-SelfCareTests.a in Frameworks */ = {isa = PBXBuildFile; fileRef = CFD93D67BAB3F6A1E4AA22DD /* libPods-SelfCareTests.a */; };
		AF4CECA3EB9B7025C0FF9127 /* Pods_SelfCare.framework in Frameworks */ = {isa = PBXBuildFile; fileRef = 297EB9A328EDF1763A52B329 /* Pods_SelfCare.framework */; };
		FE9C89FAA8C3712D6415E842 /* libPods-SelfCareUITests.a in Frameworks */ = {isa = PBXBuildFile; fileRef = 88616D344946D41D7E1F0797 /* libPods-SelfCareUITests.a */; };
/* End PBXBuildFile section */

/* Begin PBXContainerItemProxy section */
		0CAD977E21FE693C00F9E318 /* PBXContainerItemProxy */ = {
			isa = PBXContainerItemProxy;
			containerPortal = 0CAD976121FE693600F9E318 /* Project object */;
			proxyType = 1;
			remoteGlobalIDString = 0CAD976821FE693600F9E318;
			remoteInfo = SelfCare;
		};
		0CAD978921FE693C00F9E318 /* PBXContainerItemProxy */ = {
			isa = PBXContainerItemProxy;
			containerPortal = 0CAD976121FE693600F9E318 /* Project object */;
			proxyType = 1;
			remoteGlobalIDString = 0CAD976821FE693600F9E318;
			remoteInfo = SelfCare;
		};
/* End PBXContainerItemProxy section */

/* Begin PBXCopyFilesBuildPhase section */
		0C4DEBE4226C00E9005D2DB3 /* Embed App Extensions */ = {
			isa = PBXCopyFilesBuildPhase;
			buildActionMask = 2147483647;
			dstPath = "";
			dstSubfolderSpec = 13;
			files = (
			);
			name = "Embed App Extensions";
			runOnlyForDeploymentPostprocessing = 0;
		};
/* End PBXCopyFilesBuildPhase section */

/* Begin PBXFileReference section */
		0C083B1022065E91007ABBA9 /* UserCell.swift */ = {isa = PBXFileReference; fileEncoding = 4; lastKnownFileType = sourcecode.swift; path = UserCell.swift; sourceTree = "<group>"; };
		0C083B1122065E91007ABBA9 /* ChatMessageCell.swift */ = {isa = PBXFileReference; fileEncoding = 4; lastKnownFileType = sourcecode.swift; path = ChatMessageCell.swift; sourceTree = "<group>"; };
		0C083B1422065EF6007ABBA9 /* Message.swift */ = {isa = PBXFileReference; fileEncoding = 4; lastKnownFileType = sourcecode.swift; path = Message.swift; sourceTree = "<group>"; };
		0C083B1622068DC8007ABBA9 /* User.swift */ = {isa = PBXFileReference; lastKnownFileType = sourcecode.swift; path = User.swift; sourceTree = "<group>"; };
		0C5A57FB227F806E00B6C861 /* GoogleService-Info.plist */ = {isa = PBXFileReference; fileEncoding = 4; lastKnownFileType = text.plist.xml; name = "GoogleService-Info.plist"; path = "SelfCare/Supporting Files/GoogleService-Info.plist"; sourceTree = SOURCE_ROOT; };
		0C69352F22A2F5A50037E40A /* ChatLogController.swift */ = {isa = PBXFileReference; fileEncoding = 4; lastKnownFileType = sourcecode.swift; path = ChatLogController.swift; sourceTree = "<group>"; };
		0C7D4DAA22656D3000F5A1E1 /* SelfCare.entitlements */ = {isa = PBXFileReference; lastKnownFileType = text.plist.entitlements; path = SelfCare.entitlements; sourceTree = "<group>"; };
		0C7D4DAB22656D5700F5A1E1 /* StoreKit.framework */ = {isa = PBXFileReference; lastKnownFileType = wrapper.framework; name = StoreKit.framework; path = System/Library/Frameworks/StoreKit.framework; sourceTree = SDKROOT; };
		0C92728E220627C40040FB0C /* LoginController+handlers.swift */ = {isa = PBXFileReference; lastKnownFileType = sourcecode.swift; path = "LoginController+handlers.swift"; sourceTree = "<group>"; };
		0C927291220637BC0040FB0C /* Extensions.swift */ = {isa = PBXFileReference; lastKnownFileType = sourcecode.swift; path = Extensions.swift; sourceTree = "<group>"; };
		0C93DB85220F55EA00A4B2C2 /* WorkoutController.swift */ = {isa = PBXFileReference; lastKnownFileType = sourcecode.swift; path = WorkoutController.swift; sourceTree = "<group>"; };
		0CAD976921FE693600F9E318 /* SelfCare.app */ = {isa = PBXFileReference; explicitFileType = wrapper.application; includeInIndex = 0; path = SelfCare.app; sourceTree = BUILT_PRODUCTS_DIR; };
		0CAD976C21FE693600F9E318 /* AppDelegate.swift */ = {isa = PBXFileReference; lastKnownFileType = sourcecode.swift; path = AppDelegate.swift; sourceTree = "<group>"; };
		0CAD976E21FE693600F9E318 /* MenuController.swift */ = {isa = PBXFileReference; lastKnownFileType = sourcecode.swift; path = MenuController.swift; sourceTree = "<group>"; };
		0CAD977121FE693600F9E318 /* Base */ = {isa = PBXFileReference; lastKnownFileType = file.storyboard; name = Base; path = Base.lproj/Main.storyboard; sourceTree = "<group>"; };
		0CAD977321FE693C00F9E318 /* Assets.xcassets */ = {isa = PBXFileReference; lastKnownFileType = folder.assetcatalog; name = Assets.xcassets; path = "../Supporting Files/Assets.xcassets"; sourceTree = "<group>"; };
		0CAD977621FE693C00F9E318 /* Base */ = {isa = PBXFileReference; lastKnownFileType = file.storyboard; name = Base; path = Base.lproj/LaunchScreen.storyboard; sourceTree = "<group>"; };
		0CAD977821FE693C00F9E318 /* Info.plist */ = {isa = PBXFileReference; lastKnownFileType = text.plist.xml; name = Info.plist; path = "../Supporting Files/Info.plist"; sourceTree = "<group>"; };
		0CAD977D21FE693C00F9E318 /* SelfCareTests.xctest */ = {isa = PBXFileReference; explicitFileType = wrapper.cfbundle; includeInIndex = 0; path = SelfCareTests.xctest; sourceTree = BUILT_PRODUCTS_DIR; };
		0CAD978121FE693C00F9E318 /* SelfCareTests.swift */ = {isa = PBXFileReference; lastKnownFileType = sourcecode.swift; path = SelfCareTests.swift; sourceTree = "<group>"; };
		0CAD978321FE693C00F9E318 /* Info.plist */ = {isa = PBXFileReference; lastKnownFileType = text.plist.xml; path = Info.plist; sourceTree = "<group>"; };
		0CAD978821FE693C00F9E318 /* SelfCareUITests.xctest */ = {isa = PBXFileReference; explicitFileType = wrapper.cfbundle; includeInIndex = 0; path = SelfCareUITests.xctest; sourceTree = BUILT_PRODUCTS_DIR; };
		0CAD978C21FE693C00F9E318 /* SelfCareUITests.swift */ = {isa = PBXFileReference; lastKnownFileType = sourcecode.swift; path = SelfCareUITests.swift; sourceTree = "<group>"; };
		0CAD978E21FE693C00F9E318 /* Info.plist */ = {isa = PBXFileReference; lastKnownFileType = text.plist.xml; path = Info.plist; sourceTree = "<group>"; };
		0CAD979E21FE6DE900F9E318 /* LoginController.swift */ = {isa = PBXFileReference; lastKnownFileType = sourcecode.swift; name = LoginController.swift; path = SelfCare/Controller/LoginController.swift; sourceTree = SOURCE_ROOT; };
		0CAD97A621FE835000F9E318 /* PoemController.swift */ = {isa = PBXFileReference; lastKnownFileType = sourcecode.swift; path = PoemController.swift; sourceTree = "<group>"; };
		0CAD97A821FE837800F9E318 /* WineController.swift */ = {isa = PBXFileReference; lastKnownFileType = sourcecode.swift; name = WineController.swift; path = "/Users/KReid/Xcode-Projects/Self-Care/SelfCare/Controller/WineController.swift"; sourceTree = "<absolute>"; };
		0CAD97AA21FE839200F9E318 /* RecipeController.swift */ = {isa = PBXFileReference; lastKnownFileType = sourcecode.swift; path = RecipeController.swift; sourceTree = "<group>"; };
		297EB9A328EDF1763A52B329 /* Pods_SelfCare.framework */ = {isa = PBXFileReference; explicitFileType = wrapper.framework; includeInIndex = 0; path = Pods_SelfCare.framework; sourceTree = BUILT_PRODUCTS_DIR; };
		40C13A8FE5E8FBCD899288A9 /* Pods-SelfCareTests.release.xcconfig */ = {isa = PBXFileReference; includeInIndex = 1; lastKnownFileType = text.xcconfig; name = "Pods-SelfCareTests.release.xcconfig"; path = "Pods/Target Support Files/Pods-SelfCareTests/Pods-SelfCareTests.release.xcconfig"; sourceTree = "<group>"; };
		4316385182AF0987FDC3EF22 /* Pods-SelfCare.debug.xcconfig */ = {isa = PBXFileReference; includeInIndex = 1; lastKnownFileType = text.xcconfig; name = "Pods-SelfCare.debug.xcconfig"; path = "Pods/Target Support Files/Pods-SelfCare/Pods-SelfCare.debug.xcconfig"; sourceTree = "<group>"; };
		648B4318A86833B66290DEC0 /* Pods-SelfCareTests.debug.xcconfig */ = {isa = PBXFileReference; includeInIndex = 1; lastKnownFileType = text.xcconfig; name = "Pods-SelfCareTests.debug.xcconfig"; path = "Pods/Target Support Files/Pods-SelfCareTests/Pods-SelfCareTests.debug.xcconfig"; sourceTree = "<group>"; };
		7EE742B7B89FDE88D4FC7614 /* Pods-SelfCare.release.xcconfig */ = {isa = PBXFileReference; includeInIndex = 1; lastKnownFileType = text.xcconfig; name = "Pods-SelfCare.release.xcconfig"; path = "Pods/Target Support Files/Pods-SelfCare/Pods-SelfCare.release.xcconfig"; sourceTree = "<group>"; };
		88616D344946D41D7E1F0797 /* libPods-SelfCareUITests.a */ = {isa = PBXFileReference; explicitFileType = archive.ar; includeInIndex = 0; path = "libPods-SelfCareUITests.a"; sourceTree = BUILT_PRODUCTS_DIR; };
		9641D9653BE97220F7A9F903 /* Pods-SelfCareUITests.release.xcconfig */ = {isa = PBXFileReference; includeInIndex = 1; lastKnownFileType = text.xcconfig; name = "Pods-SelfCareUITests.release.xcconfig"; path = "Pods/Target Support Files/Pods-SelfCareUITests/Pods-SelfCareUITests.release.xcconfig"; sourceTree = "<group>"; };
		CE4232F1A1B3B21C8B76F067 /* Pods-SelfCareUITests.debug.xcconfig */ = {isa = PBXFileReference; includeInIndex = 1; lastKnownFileType = text.xcconfig; name = "Pods-SelfCareUITests.debug.xcconfig"; path = "Pods/Target Support Files/Pods-SelfCareUITests/Pods-SelfCareUITests.debug.xcconfig"; sourceTree = "<group>"; };
		CFD93D67BAB3F6A1E4AA22DD /* libPods-SelfCareTests.a */ = {isa = PBXFileReference; explicitFileType = archive.ar; includeInIndex = 0; path = "libPods-SelfCareTests.a"; sourceTree = BUILT_PRODUCTS_DIR; };
/* End PBXFileReference section */

/* Begin PBXFrameworksBuildPhase section */
		0CAD976621FE693600F9E318 /* Frameworks */ = {
			isa = PBXFrameworksBuildPhase;
			buildActionMask = 2147483647;
			files = (
				AF4CECA3EB9B7025C0FF9127 /* Pods_SelfCare.framework in Frameworks */,
				0C7D4DAC22656D5700F5A1E1 /* StoreKit.framework in Frameworks */,
			);
			runOnlyForDeploymentPostprocessing = 0;
		};
		0CAD977A21FE693C00F9E318 /* Frameworks */ = {
			isa = PBXFrameworksBuildPhase;
			buildActionMask = 2147483647;
			files = (
				90C70C4E4F962DBBA8863798 /* libPods-SelfCareTests.a in Frameworks */,
			);
			runOnlyForDeploymentPostprocessing = 0;
		};
		0CAD978521FE693C00F9E318 /* Frameworks */ = {
			isa = PBXFrameworksBuildPhase;
			buildActionMask = 2147483647;
			files = (
				FE9C89FAA8C3712D6415E842 /* libPods-SelfCareUITests.a in Frameworks */,
			);
			runOnlyForDeploymentPostprocessing = 0;
		};
/* End PBXFrameworksBuildPhase section */

/* Begin PBXGroup section */
		0C9272902206378E0040FB0C /* Helpers */ = {
			isa = PBXGroup;
			children = (
				0C927291220637BC0040FB0C /* Extensions.swift */,
			);
			path = Helpers;
			sourceTree = "<group>";
		};
		0CAD976021FE693600F9E318 = {
			isa = PBXGroup;
			children = (
				0CAD976B21FE693600F9E318 /* SelfCare */,
				0CAD978021FE693C00F9E318 /* SelfCareTests */,
				0CAD978B21FE693C00F9E318 /* SelfCareUITests */,
				0CAD976A21FE693600F9E318 /* Products */,
				2BEC88A718B67C1698A39CD4 /* Pods */,
				862A2293EA43B98709159C15 /* Frameworks */,
			);
			sourceTree = "<group>";
		};
		0CAD976A21FE693600F9E318 /* Products */ = {
			isa = PBXGroup;
			children = (
				0CAD976921FE693600F9E318 /* SelfCare.app */,
				0CAD977D21FE693C00F9E318 /* SelfCareTests.xctest */,
				0CAD978821FE693C00F9E318 /* SelfCareUITests.xctest */,
			);
			name = Products;
			sourceTree = "<group>";
		};
		0CAD976B21FE693600F9E318 /* SelfCare */ = {
			isa = PBXGroup;
			children = (
				0C7D4DAA22656D3000F5A1E1 /* SelfCare.entitlements */,
				0CAD979A21FE6ACD00F9E318 /* Model */,
				0CAD979B21FE6ADB00F9E318 /* View */,
				0CAD979C21FE6AE400F9E318 /* Controller */,
				0C9272902206378E0040FB0C /* Helpers */,
				0CAD979D21FE6B1000F9E318 /* Supporting Files */,
			);
			path = SelfCare;
			sourceTree = "<group>";
		};
		0CAD978021FE693C00F9E318 /* SelfCareTests */ = {
			isa = PBXGroup;
			children = (
				0CAD978121FE693C00F9E318 /* SelfCareTests.swift */,
				0CAD978321FE693C00F9E318 /* Info.plist */,
			);
			path = SelfCareTests;
			sourceTree = "<group>";
		};
		0CAD978B21FE693C00F9E318 /* SelfCareUITests */ = {
			isa = PBXGroup;
			children = (
				0CAD978C21FE693C00F9E318 /* SelfCareUITests.swift */,
				0CAD978E21FE693C00F9E318 /* Info.plist */,
			);
			path = SelfCareUITests;
			sourceTree = "<group>";
		};
		0CAD979A21FE6ACD00F9E318 /* Model */ = {
			isa = PBXGroup;
			children = (
				0C083B1622068DC8007ABBA9 /* User.swift */,
				0C083B1422065EF6007ABBA9 /* Message.swift */,
			);
			path = Model;
			sourceTree = "<group>";
		};
		0CAD979B21FE6ADB00F9E318 /* View */ = {
			isa = PBXGroup;
			children = (
				0C083B1122065E91007ABBA9 /* ChatMessageCell.swift */,
				0C083B1022065E91007ABBA9 /* UserCell.swift */,
			);
			path = View;
			sourceTree = "<group>";
		};
		0CAD979C21FE6AE400F9E318 /* Controller */ = {
			isa = PBXGroup;
			children = (
				0CAD976C21FE693600F9E318 /* AppDelegate.swift */,
				0CAD979E21FE6DE900F9E318 /* LoginController.swift */,
				0C92728E220627C40040FB0C /* LoginController+handlers.swift */,
				0CAD976E21FE693600F9E318 /* MenuController.swift */,
				0C69352F22A2F5A50037E40A /* ChatLogController.swift */,
				0CAD97A621FE835000F9E318 /* PoemController.swift */,
				0CAD97A821FE837800F9E318 /* WineController.swift */,
				0CAD97AA21FE839200F9E318 /* RecipeController.swift */,
				0C93DB85220F55EA00A4B2C2 /* WorkoutController.swift */,
			);
			path = Controller;
			sourceTree = "<group>";
		};
		0CAD979D21FE6B1000F9E318 /* Supporting Files */ = {
			isa = PBXGroup;
			children = (
				0CAD977521FE693C00F9E318 /* LaunchScreen.storyboard */,
				0CAD977021FE693600F9E318 /* Main.storyboard */,
				0CAD977321FE693C00F9E318 /* Assets.xcassets */,
				0CAD977821FE693C00F9E318 /* Info.plist */,
				0C5A57FB227F806E00B6C861 /* GoogleService-Info.plist */,
			);
			path = "Supporting Files";
			sourceTree = "<group>";
		};
		2BEC88A718B67C1698A39CD4 /* Pods */ = {
			isa = PBXGroup;
			children = (
				4316385182AF0987FDC3EF22 /* Pods-SelfCare.debug.xcconfig */,
				7EE742B7B89FDE88D4FC7614 /* Pods-SelfCare.release.xcconfig */,
				648B4318A86833B66290DEC0 /* Pods-SelfCareTests.debug.xcconfig */,
				40C13A8FE5E8FBCD899288A9 /* Pods-SelfCareTests.release.xcconfig */,
				CE4232F1A1B3B21C8B76F067 /* Pods-SelfCareUITests.debug.xcconfig */,
				9641D9653BE97220F7A9F903 /* Pods-SelfCareUITests.release.xcconfig */,
			);
			name = Pods;
			sourceTree = "<group>";
		};
		862A2293EA43B98709159C15 /* Frameworks */ = {
			isa = PBXGroup;
			children = (
				0C7D4DAB22656D5700F5A1E1 /* StoreKit.framework */,
				297EB9A328EDF1763A52B329 /* Pods_SelfCare.framework */,
				CFD93D67BAB3F6A1E4AA22DD /* libPods-SelfCareTests.a */,
				88616D344946D41D7E1F0797 /* libPods-SelfCareUITests.a */,
			);
			name = Frameworks;
			sourceTree = "<group>";
		};
/* End PBXGroup section */

/* Begin PBXNativeTarget section */
		0CAD976821FE693600F9E318 /* SelfCare */ = {
			isa = PBXNativeTarget;
			buildConfigurationList = 0CAD979121FE693C00F9E318 /* Build configuration list for PBXNativeTarget "SelfCare" */;
			buildPhases = (
				878D4AC1BEE4D1B6D5C1A812 /* [CP] Check Pods Manifest.lock */,
				0CAD976521FE693600F9E318 /* Sources */,
				0CAD976621FE693600F9E318 /* Frameworks */,
				0CAD976721FE693600F9E318 /* Resources */,
				3A2BB78CD6F38DC49416962E /* [CP] Embed Pods Frameworks */,
				0C4DEBE4226C00E9005D2DB3 /* Embed App Extensions */,
				0C4DEBD4226BAE77005D2DB3 /* ShellScript */,
			);
			buildRules = (
			);
			dependencies = (
			);
			name = SelfCare;
			productName = SelfCare;
			productReference = 0CAD976921FE693600F9E318 /* SelfCare.app */;
			productType = "com.apple.product-type.application";
		};
		0CAD977C21FE693C00F9E318 /* SelfCareTests */ = {
			isa = PBXNativeTarget;
			buildConfigurationList = 0CAD979421FE693C00F9E318 /* Build configuration list for PBXNativeTarget "SelfCareTests" */;
			buildPhases = (
				EAE9200953FE9C51CAE58A3D /* [CP] Check Pods Manifest.lock */,
				0CAD977921FE693C00F9E318 /* Sources */,
				0CAD977A21FE693C00F9E318 /* Frameworks */,
				0CAD977B21FE693C00F9E318 /* Resources */,
			);
			buildRules = (
			);
			dependencies = (
				0CAD977F21FE693C00F9E318 /* PBXTargetDependency */,
			);
			name = SelfCareTests;
			productName = SelfCareTests;
			productReference = 0CAD977D21FE693C00F9E318 /* SelfCareTests.xctest */;
			productType = "com.apple.product-type.bundle.unit-test";
		};
		0CAD978721FE693C00F9E318 /* SelfCareUITests */ = {
			isa = PBXNativeTarget;
			buildConfigurationList = 0CAD979721FE693C00F9E318 /* Build configuration list for PBXNativeTarget "SelfCareUITests" */;
			buildPhases = (
				3613A317EBB6FB549E4A7CA6 /* [CP] Check Pods Manifest.lock */,
				0CAD978421FE693C00F9E318 /* Sources */,
				0CAD978521FE693C00F9E318 /* Frameworks */,
				0CAD978621FE693C00F9E318 /* Resources */,
			);
			buildRules = (
			);
			dependencies = (
				0CAD978A21FE693C00F9E318 /* PBXTargetDependency */,
			);
			name = SelfCareUITests;
			productName = SelfCareUITests;
			productReference = 0CAD978821FE693C00F9E318 /* SelfCareUITests.xctest */;
			productType = "com.apple.product-type.bundle.ui-testing";
		};
/* End PBXNativeTarget section */

/* Begin PBXProject section */
		0CAD976121FE693600F9E318 /* Project object */ = {
			isa = PBXProject;
			attributes = {
				LastSwiftUpdateCheck = 1020;
				LastUpgradeCheck = 1010;
				ORGANIZATIONNAME = KReid;
				TargetAttributes = {
					0CAD976821FE693600F9E318 = {
						CreatedOnToolsVersion = 10.1;
						SystemCapabilities = {
							com.apple.HotspotConfiguration = {
								enabled = 0;
							};
							com.apple.InAppPurchase = {
								enabled = 1;
							};
							com.apple.Push = {
								enabled = 1;
							};
							com.apple.iCloud = {
								enabled = 0;
							};
						};
					};
					0CAD977C21FE693C00F9E318 = {
						CreatedOnToolsVersion = 10.1;
						TestTargetID = 0CAD976821FE693600F9E318;
					};
					0CAD978721FE693C00F9E318 = {
						CreatedOnToolsVersion = 10.1;
						TestTargetID = 0CAD976821FE693600F9E318;
					};
				};
			};
			buildConfigurationList = 0CAD976421FE693600F9E318 /* Build configuration list for PBXProject "SelfCare" */;
			compatibilityVersion = "Xcode 10.0";
			developmentRegion = en;
			hasScannedForEncodings = 0;
			knownRegions = (
				en,
				Base,
			);
			mainGroup = 0CAD976021FE693600F9E318;
			productRefGroup = 0CAD976A21FE693600F9E318 /* Products */;
			projectDirPath = "";
			projectRoot = "";
			targets = (
				0CAD976821FE693600F9E318 /* SelfCare */,
				0CAD977C21FE693C00F9E318 /* SelfCareTests */,
				0CAD978721FE693C00F9E318 /* SelfCareUITests */,
			);
		};
/* End PBXProject section */

/* Begin PBXResourcesBuildPhase section */
		0CAD976721FE693600F9E318 /* Resources */ = {
			isa = PBXResourcesBuildPhase;
			buildActionMask = 2147483647;
			files = (
				0CAD977721FE693C00F9E318 /* LaunchScreen.storyboard in Resources */,
				0C5A57FC227F806F00B6C861 /* GoogleService-Info.plist in Resources */,
				0CAD977421FE693C00F9E318 /* Assets.xcassets in Resources */,
				0CAD977221FE693600F9E318 /* Main.storyboard in Resources */,
			);
			runOnlyForDeploymentPostprocessing = 0;
		};
		0CAD977B21FE693C00F9E318 /* Resources */ = {
			isa = PBXResourcesBuildPhase;
			buildActionMask = 2147483647;
			files = (
			);
			runOnlyForDeploymentPostprocessing = 0;
		};
		0CAD978621FE693C00F9E318 /* Resources */ = {
			isa = PBXResourcesBuildPhase;
			buildActionMask = 2147483647;
			files = (
			);
			runOnlyForDeploymentPostprocessing = 0;
		};
/* End PBXResourcesBuildPhase section */

/* Begin PBXShellScriptBuildPhase section */
		0C4DEBD4226BAE77005D2DB3 /* ShellScript */ = {
			isa = PBXShellScriptBuildPhase;
			buildActionMask = 2147483647;
			files = (
			);
			inputFileListPaths = (
			);
			inputPaths = (
				"$(BUILT_PRODUCTS_DIR)/$(INFOPLIST_PATH)",
				"",
			);
			outputFileListPaths = (
			);
			outputPaths = (
			);
			runOnlyForDeploymentPostprocessing = 0;
			shellPath = /bin/sh;
			shellScript = "\"${PODS_ROOT}/Fabric/run\"\n";
		};
		3613A317EBB6FB549E4A7CA6 /* [CP] Check Pods Manifest.lock */ = {
			isa = PBXShellScriptBuildPhase;
			buildActionMask = 2147483647;
			files = (
			);
			inputFileListPaths = (
			);
			inputPaths = (
				"${PODS_PODFILE_DIR_PATH}/Podfile.lock",
				"${PODS_ROOT}/Manifest.lock",
			);
			name = "[CP] Check Pods Manifest.lock";
			outputFileListPaths = (
			);
			outputPaths = (
				"$(DERIVED_FILE_DIR)/Pods-SelfCareUITests-checkManifestLockResult.txt",
			);
			runOnlyForDeploymentPostprocessing = 0;
			shellPath = /bin/sh;
			shellScript = "diff \"${PODS_PODFILE_DIR_PATH}/Podfile.lock\" \"${PODS_ROOT}/Manifest.lock\" > /dev/null\nif [ $? != 0 ] ; then\n    # print error to STDERR\n    echo \"error: The sandbox is not in sync with the Podfile.lock. Run 'pod install' or update your CocoaPods installation.\" >&2\n    exit 1\nfi\n# This output is used by Xcode 'outputs' to avoid re-running this script phase.\necho \"SUCCESS\" > \"${SCRIPT_OUTPUT_FILE_0}\"\n";
			showEnvVarsInLog = 0;
		};
		3A2BB78CD6F38DC49416962E /* [CP] Embed Pods Frameworks */ = {
			isa = PBXShellScriptBuildPhase;
			buildActionMask = 2147483647;
			files = (
			);
			inputFileListPaths = (
			);
			inputPaths = (
				"${SRCROOT}/Pods/Target Support Files/Pods-SelfCare/Pods-SelfCare-frameworks.sh",
				"${BUILT_PRODUCTS_DIR}/GTMSessionFetcher/GTMSessionFetcher.framework",
				"${BUILT_PRODUCTS_DIR}/GoogleUtilities-framework/GoogleUtilities.framework",
				"${BUILT_PRODUCTS_DIR}/PushNotifications/PushNotifications.framework",
				"${BUILT_PRODUCTS_DIR}/leveldb-library/leveldb.framework",
				"${BUILT_PRODUCTS_DIR}/nanopb-framework/nanopb.framework",
			);
			name = "[CP] Embed Pods Frameworks";
			outputFileListPaths = (
			);
			outputPaths = (
				"${TARGET_BUILD_DIR}/${FRAMEWORKS_FOLDER_PATH}/GTMSessionFetcher.framework",
				"${TARGET_BUILD_DIR}/${FRAMEWORKS_FOLDER_PATH}/GoogleUtilities.framework",
				"${TARGET_BUILD_DIR}/${FRAMEWORKS_FOLDER_PATH}/PushNotifications.framework",
				"${TARGET_BUILD_DIR}/${FRAMEWORKS_FOLDER_PATH}/leveldb.framework",
				"${TARGET_BUILD_DIR}/${FRAMEWORKS_FOLDER_PATH}/nanopb.framework",
			);
			runOnlyForDeploymentPostprocessing = 0;
			shellPath = /bin/sh;
			shellScript = "\"${SRCROOT}/Pods/Target Support Files/Pods-SelfCare/Pods-SelfCare-frameworks.sh\"\n";
			showEnvVarsInLog = 0;
		};
		878D4AC1BEE4D1B6D5C1A812 /* [CP] Check Pods Manifest.lock */ = {
			isa = PBXShellScriptBuildPhase;
			buildActionMask = 2147483647;
			files = (
			);
			inputFileListPaths = (
			);
			inputPaths = (
				"${PODS_PODFILE_DIR_PATH}/Podfile.lock",
				"${PODS_ROOT}/Manifest.lock",
			);
			name = "[CP] Check Pods Manifest.lock";
			outputFileListPaths = (
			);
			outputPaths = (
				"$(DERIVED_FILE_DIR)/Pods-SelfCare-checkManifestLockResult.txt",
			);
			runOnlyForDeploymentPostprocessing = 0;
			shellPath = /bin/sh;
			shellScript = "diff \"${PODS_PODFILE_DIR_PATH}/Podfile.lock\" \"${PODS_ROOT}/Manifest.lock\" > /dev/null\nif [ $? != 0 ] ; then\n    # print error to STDERR\n    echo \"error: The sandbox is not in sync with the Podfile.lock. Run 'pod install' or update your CocoaPods installation.\" >&2\n    exit 1\nfi\n# This output is used by Xcode 'outputs' to avoid re-running this script phase.\necho \"SUCCESS\" > \"${SCRIPT_OUTPUT_FILE_0}\"\n";
			showEnvVarsInLog = 0;
		};
		EAE9200953FE9C51CAE58A3D /* [CP] Check Pods Manifest.lock */ = {
			isa = PBXShellScriptBuildPhase;
			buildActionMask = 2147483647;
			files = (
			);
			inputFileListPaths = (
			);
			inputPaths = (
				"${PODS_PODFILE_DIR_PATH}/Podfile.lock",
				"${PODS_ROOT}/Manifest.lock",
			);
			name = "[CP] Check Pods Manifest.lock";
			outputFileListPaths = (
			);
			outputPaths = (
				"$(DERIVED_FILE_DIR)/Pods-SelfCareTests-checkManifestLockResult.txt",
			);
			runOnlyForDeploymentPostprocessing = 0;
			shellPath = /bin/sh;
			shellScript = "diff \"${PODS_PODFILE_DIR_PATH}/Podfile.lock\" \"${PODS_ROOT}/Manifest.lock\" > /dev/null\nif [ $? != 0 ] ; then\n    # print error to STDERR\n    echo \"error: The sandbox is not in sync with the Podfile.lock. Run 'pod install' or update your CocoaPods installation.\" >&2\n    exit 1\nfi\n# This output is used by Xcode 'outputs' to avoid re-running this script phase.\necho \"SUCCESS\" > \"${SCRIPT_OUTPUT_FILE_0}\"\n";
			showEnvVarsInLog = 0;
		};
/* End PBXShellScriptBuildPhase section */

/* Begin PBXSourcesBuildPhase section */
		0CAD976521FE693600F9E318 /* Sources */ = {
			isa = PBXSourcesBuildPhase;
			buildActionMask = 2147483647;
			files = (
				0C083B1222065E91007ABBA9 /* UserCell.swift in Sources */,
				0CAD97A721FE835000F9E318 /* PoemController.swift in Sources */,
				0C083B1322065E91007ABBA9 /* ChatMessageCell.swift in Sources */,
				0CAD97A921FE837800F9E318 /* WineController.swift in Sources */,
				0C92728F220627C40040FB0C /* LoginController+handlers.swift in Sources */,
				0C93DB86220F55EA00A4B2C2 /* WorkoutController.swift in Sources */,
				0C083B1722068DC8007ABBA9 /* User.swift in Sources */,
				0CAD976F21FE693600F9E318 /* MenuController.swift in Sources */,
				0CAD97AB21FE839200F9E318 /* RecipeController.swift in Sources */,
				0CAD979F21FE6DE900F9E318 /* LoginController.swift in Sources */,
				0C69353022A2F5A50037E40A /* ChatLogController.swift in Sources */,
				0C083B1522065EF6007ABBA9 /* Message.swift in Sources */,
				0C927292220637BC0040FB0C /* Extensions.swift in Sources */,
				0CAD976D21FE693600F9E318 /* AppDelegate.swift in Sources */,
			);
			runOnlyForDeploymentPostprocessing = 0;
		};
		0CAD977921FE693C00F9E318 /* Sources */ = {
			isa = PBXSourcesBuildPhase;
			buildActionMask = 2147483647;
			files = (
				0CAD978221FE693C00F9E318 /* SelfCareTests.swift in Sources */,
			);
			runOnlyForDeploymentPostprocessing = 0;
		};
		0CAD978421FE693C00F9E318 /* Sources */ = {
			isa = PBXSourcesBuildPhase;
			buildActionMask = 2147483647;
			files = (
				0CAD978D21FE693C00F9E318 /* SelfCareUITests.swift in Sources */,
			);
			runOnlyForDeploymentPostprocessing = 0;
		};
/* End PBXSourcesBuildPhase section */

/* Begin PBXTargetDependency section */
		0CAD977F21FE693C00F9E318 /* PBXTargetDependency */ = {
			isa = PBXTargetDependency;
			target = 0CAD976821FE693600F9E318 /* SelfCare */;
			targetProxy = 0CAD977E21FE693C00F9E318 /* PBXContainerItemProxy */;
		};
		0CAD978A21FE693C00F9E318 /* PBXTargetDependency */ = {
			isa = PBXTargetDependency;
			target = 0CAD976821FE693600F9E318 /* SelfCare */;
			targetProxy = 0CAD978921FE693C00F9E318 /* PBXContainerItemProxy */;
		};
/* End PBXTargetDependency section */

/* Begin PBXVariantGroup section */
		0CAD977021FE693600F9E318 /* Main.storyboard */ = {
			isa = PBXVariantGroup;
			children = (
				0CAD977121FE693600F9E318 /* Base */,
			);
			name = Main.storyboard;
			path = "../Supporting Files";
			sourceTree = "<group>";
		};
		0CAD977521FE693C00F9E318 /* LaunchScreen.storyboard */ = {
			isa = PBXVariantGroup;
			children = (
				0CAD977621FE693C00F9E318 /* Base */,
			);
			name = LaunchScreen.storyboard;
			path = "../Supporting Files";
			sourceTree = "<group>";
		};
/* End PBXVariantGroup section */

/* Begin XCBuildConfiguration section */
		0CAD978F21FE693C00F9E318 /* Debug */ = {
			isa = XCBuildConfiguration;
			buildSettings = {
				ALWAYS_SEARCH_USER_PATHS = NO;
				CLANG_ANALYZER_NONNULL = YES;
				CLANG_ANALYZER_NUMBER_OBJECT_CONVERSION = YES_AGGRESSIVE;
				CLANG_CXX_LANGUAGE_STANDARD = "gnu++14";
				CLANG_CXX_LIBRARY = "libc++";
				CLANG_ENABLE_MODULES = YES;
				CLANG_ENABLE_OBJC_ARC = YES;
				CLANG_ENABLE_OBJC_WEAK = YES;
				CLANG_WARN_BLOCK_CAPTURE_AUTORELEASING = YES;
				CLANG_WARN_BOOL_CONVERSION = YES;
				CLANG_WARN_COMMA = YES;
				CLANG_WARN_CONSTANT_CONVERSION = YES;
				CLANG_WARN_DEPRECATED_OBJC_IMPLEMENTATIONS = YES;
				CLANG_WARN_DIRECT_OBJC_ISA_USAGE = YES_ERROR;
				CLANG_WARN_DOCUMENTATION_COMMENTS = YES;
				CLANG_WARN_EMPTY_BODY = YES;
				CLANG_WARN_ENUM_CONVERSION = YES;
				CLANG_WARN_INFINITE_RECURSION = YES;
				CLANG_WARN_INT_CONVERSION = YES;
				CLANG_WARN_NON_LITERAL_NULL_CONVERSION = YES;
				CLANG_WARN_OBJC_IMPLICIT_RETAIN_SELF = YES;
				CLANG_WARN_OBJC_LITERAL_CONVERSION = YES;
				CLANG_WARN_OBJC_ROOT_CLASS = YES_ERROR;
				CLANG_WARN_RANGE_LOOP_ANALYSIS = YES;
				CLANG_WARN_STRICT_PROTOTYPES = YES;
				CLANG_WARN_SUSPICIOUS_MOVE = YES;
				CLANG_WARN_UNGUARDED_AVAILABILITY = YES_AGGRESSIVE;
				CLANG_WARN_UNREACHABLE_CODE = YES;
				CLANG_WARN__DUPLICATE_METHOD_MATCH = YES;
				CODE_SIGN_IDENTITY = "iPhone Developer";
				CODE_SIGN_STYLE = Manual;
				COPY_PHASE_STRIP = NO;
				DEBUG_INFORMATION_FORMAT = dwarf;
				DEVELOPMENT_TEAM = WC92Z884R6;
				ENABLE_STRICT_OBJC_MSGSEND = YES;
				ENABLE_TESTABILITY = YES;
				GCC_C_LANGUAGE_STANDARD = gnu11;
				GCC_DYNAMIC_NO_PIC = NO;
				GCC_NO_COMMON_BLOCKS = YES;
				GCC_OPTIMIZATION_LEVEL = 0;
				GCC_PREPROCESSOR_DEFINITIONS = (
					"DEBUG=1",
					"$(inherited)",
				);
				GCC_WARN_64_TO_32_BIT_CONVERSION = YES;
				GCC_WARN_ABOUT_RETURN_TYPE = YES_ERROR;
				GCC_WARN_UNDECLARED_SELECTOR = YES;
				GCC_WARN_UNINITIALIZED_AUTOS = YES_AGGRESSIVE;
				GCC_WARN_UNUSED_FUNCTION = YES;
				GCC_WARN_UNUSED_VARIABLE = YES;
				IPHONEOS_DEPLOYMENT_TARGET = 12.0;
				MTL_ENABLE_DEBUG_INFO = INCLUDE_SOURCE;
				MTL_FAST_MATH = YES;
				ONLY_ACTIVE_ARCH = YES;
				SDKROOT = iphoneos;
				SWIFT_ACTIVE_COMPILATION_CONDITIONS = DEBUG;
				SWIFT_OPTIMIZATION_LEVEL = "-Onone";
			};
			name = Debug;
		};
		0CAD979021FE693C00F9E318 /* Release */ = {
			isa = XCBuildConfiguration;
			buildSettings = {
				ALWAYS_SEARCH_USER_PATHS = NO;
				CLANG_ANALYZER_NONNULL = YES;
				CLANG_ANALYZER_NUMBER_OBJECT_CONVERSION = YES_AGGRESSIVE;
				CLANG_CXX_LANGUAGE_STANDARD = "gnu++14";
				CLANG_CXX_LIBRARY = "libc++";
				CLANG_ENABLE_MODULES = YES;
				CLANG_ENABLE_OBJC_ARC = YES;
				CLANG_ENABLE_OBJC_WEAK = YES;
				CLANG_WARN_BLOCK_CAPTURE_AUTORELEASING = YES;
				CLANG_WARN_BOOL_CONVERSION = YES;
				CLANG_WARN_COMMA = YES;
				CLANG_WARN_CONSTANT_CONVERSION = YES;
				CLANG_WARN_DEPRECATED_OBJC_IMPLEMENTATIONS = YES;
				CLANG_WARN_DIRECT_OBJC_ISA_USAGE = YES_ERROR;
				CLANG_WARN_DOCUMENTATION_COMMENTS = YES;
				CLANG_WARN_EMPTY_BODY = YES;
				CLANG_WARN_ENUM_CONVERSION = YES;
				CLANG_WARN_INFINITE_RECURSION = YES;
				CLANG_WARN_INT_CONVERSION = YES;
				CLANG_WARN_NON_LITERAL_NULL_CONVERSION = YES;
				CLANG_WARN_OBJC_IMPLICIT_RETAIN_SELF = YES;
				CLANG_WARN_OBJC_LITERAL_CONVERSION = YES;
				CLANG_WARN_OBJC_ROOT_CLASS = YES_ERROR;
				CLANG_WARN_RANGE_LOOP_ANALYSIS = YES;
				CLANG_WARN_STRICT_PROTOTYPES = YES;
				CLANG_WARN_SUSPICIOUS_MOVE = YES;
				CLANG_WARN_UNGUARDED_AVAILABILITY = YES_AGGRESSIVE;
				CLANG_WARN_UNREACHABLE_CODE = YES;
				CLANG_WARN__DUPLICATE_METHOD_MATCH = YES;
				CODE_SIGN_IDENTITY = "iPhone Developer";
				CODE_SIGN_STYLE = Manual;
				COPY_PHASE_STRIP = NO;
				DEBUG_INFORMATION_FORMAT = "dwarf-with-dsym";
				DEVELOPMENT_TEAM = WC92Z884R6;
				ENABLE_NS_ASSERTIONS = NO;
				ENABLE_STRICT_OBJC_MSGSEND = YES;
				GCC_C_LANGUAGE_STANDARD = gnu11;
				GCC_NO_COMMON_BLOCKS = YES;
				GCC_WARN_64_TO_32_BIT_CONVERSION = YES;
				GCC_WARN_ABOUT_RETURN_TYPE = YES_ERROR;
				GCC_WARN_UNDECLARED_SELECTOR = YES;
				GCC_WARN_UNINITIALIZED_AUTOS = YES_AGGRESSIVE;
				GCC_WARN_UNUSED_FUNCTION = YES;
				GCC_WARN_UNUSED_VARIABLE = YES;
				IPHONEOS_DEPLOYMENT_TARGET = 12.0;
				MTL_ENABLE_DEBUG_INFO = NO;
				MTL_FAST_MATH = YES;
				SDKROOT = iphoneos;
				SWIFT_COMPILATION_MODE = wholemodule;
				SWIFT_OPTIMIZATION_LEVEL = "-O";
				VALIDATE_PRODUCT = YES;
			};
			name = Release;
		};
		0CAD979221FE693C00F9E318 /* Debug */ = {
			isa = XCBuildConfiguration;
			baseConfigurationReference = 4316385182AF0987FDC3EF22 /* Pods-SelfCare.debug.xcconfig */;
			buildSettings = {
				ASSETCATALOG_COMPILER_APPICON_NAME = AppIcon;
				CODE_SIGN_ENTITLEMENTS = SelfCare/SelfCare.entitlements;
				CODE_SIGN_IDENTITY = "iPhone Developer: Kelvin Reid (45HDSVC2BG)";
				CODE_SIGN_STYLE = Manual;
				DEBUG_INFORMATION_FORMAT = "dwarf-with-dsym";
				DEVELOPMENT_TEAM = WC92Z884R6;
				INFOPLIST_FILE = "$(SRCROOT)/SelfCare/Supporting Files/Info.plist";
				IPHONEOS_DEPLOYMENT_TARGET = 12.0;
				LD_RUNPATH_SEARCH_PATHS = (
					"$(inherited)",
					"@executable_path/Frameworks",
				);
				PRODUCT_BUNDLE_IDENTIFIER = com.kelreid.SelfCare;
				PRODUCT_NAME = "$(TARGET_NAME)";
				PROVISIONING_PROFILE_SPECIFIER = SelfCareDevelopmentProfile;
				SWIFT_VERSION = 4.2;
				TARGETED_DEVICE_FAMILY = "1,2";
			};
			name = Debug;
		};
		0CAD979321FE693C00F9E318 /* Release */ = {
			isa = XCBuildConfiguration;
			baseConfigurationReference = 7EE742B7B89FDE88D4FC7614 /* Pods-SelfCare.release.xcconfig */;
			buildSettings = {
				ASSETCATALOG_COMPILER_APPICON_NAME = AppIcon;
				CODE_SIGN_ENTITLEMENTS = SelfCare/SelfCare.entitlements;
				CODE_SIGN_IDENTITY = "iPhone Developer: Kelvin Reid (45HDSVC2BG)";
				CODE_SIGN_STYLE = Manual;
				DEVELOPMENT_TEAM = WC92Z884R6;
				INFOPLIST_FILE = "$(SRCROOT)/SelfCare/Supporting Files/Info.plist";
				IPHONEOS_DEPLOYMENT_TARGET = 12.0;
				LD_RUNPATH_SEARCH_PATHS = (
					"$(inherited)",
					"@executable_path/Frameworks",
				);
				PRODUCT_BUNDLE_IDENTIFIER = com.kelreid.SelfCare;
				PRODUCT_NAME = "$(TARGET_NAME)";
				PROVISIONING_PROFILE_SPECIFIER = SelfCareDevelopmentProfile;
				SWIFT_VERSION = 4.2;
				TARGETED_DEVICE_FAMILY = "1,2";
			};
			name = Release;
		};
		0CAD979521FE693C00F9E318 /* Debug */ = {
			isa = XCBuildConfiguration;
			baseConfigurationReference = 648B4318A86833B66290DEC0 /* Pods-SelfCareTests.debug.xcconfig */;
			buildSettings = {
				ALWAYS_EMBED_SWIFT_STANDARD_LIBRARIES = YES;
				BUNDLE_LOADER = "$(TEST_HOST)";
				CODE_SIGN_STYLE = Automatic;
				DEVELOPMENT_TEAM = WC92Z884R6;
				INFOPLIST_FILE = SelfCareTests/Info.plist;
				LD_RUNPATH_SEARCH_PATHS = (
					"$(inherited)",
					"@executable_path/Frameworks",
					"@loader_path/Frameworks",
				);
				PRODUCT_BUNDLE_IDENTIFIER = com.kreid.SelfCareTests;
				PRODUCT_NAME = "$(TARGET_NAME)";
				SWIFT_VERSION = 4.2;
				TARGETED_DEVICE_FAMILY = "1,2";
				TEST_HOST = "$(BUILT_PRODUCTS_DIR)/SelfCare.app/SelfCare";
			};
			name = Debug;
		};
		0CAD979621FE693C00F9E318 /* Release */ = {
			isa = XCBuildConfiguration;
			baseConfigurationReference = 40C13A8FE5E8FBCD899288A9 /* Pods-SelfCareTests.release.xcconfig */;
			buildSettings = {
				ALWAYS_EMBED_SWIFT_STANDARD_LIBRARIES = YES;
				BUNDLE_LOADER = "$(TEST_HOST)";
				CODE_SIGN_STYLE = Automatic;
				DEVELOPMENT_TEAM = WC92Z884R6;
				INFOPLIST_FILE = SelfCareTests/Info.plist;
				LD_RUNPATH_SEARCH_PATHS = (
					"$(inherited)",
					"@executable_path/Frameworks",
					"@loader_path/Frameworks",
				);
				PRODUCT_BUNDLE_IDENTIFIER = com.kreid.SelfCareTests;
				PRODUCT_NAME = "$(TARGET_NAME)";
				SWIFT_VERSION = 4.2;
				TARGETED_DEVICE_FAMILY = "1,2";
				TEST_HOST = "$(BUILT_PRODUCTS_DIR)/SelfCare.app/SelfCare";
			};
			name = Release;
		};
		0CAD979821FE693C00F9E318 /* Debug */ = {
			isa = XCBuildConfiguration;
			baseConfigurationReference = CE4232F1A1B3B21C8B76F067 /* Pods-SelfCareUITests.debug.xcconfig */;
			buildSettings = {
				ALWAYS_EMBED_SWIFT_STANDARD_LIBRARIES = YES;
				CODE_SIGN_STYLE = Automatic;
				DEVELOPMENT_TEAM = WC92Z884R6;
				INFOPLIST_FILE = SelfCareUITests/Info.plist;
				LD_RUNPATH_SEARCH_PATHS = (
					"$(inherited)",
					"@executable_path/Frameworks",
					"@loader_path/Frameworks",
				);
				PRODUCT_BUNDLE_IDENTIFIER = com.kreid.SelfCareUITests;
				PRODUCT_NAME = "$(TARGET_NAME)";
				SWIFT_VERSION = 4.2;
				TARGETED_DEVICE_FAMILY = "1,2";
				TEST_TARGET_NAME = SelfCare;
			};
			name = Debug;
		};
		0CAD979921FE693C00F9E318 /* Release */ = {
			isa = XCBuildConfiguration;
			baseConfigurationReference = 9641D9653BE97220F7A9F903 /* Pods-SelfCareUITests.release.xcconfig */;
			buildSettings = {
				ALWAYS_EMBED_SWIFT_STANDARD_LIBRARIES = YES;
				CODE_SIGN_STYLE = Automatic;
				DEVELOPMENT_TEAM = WC92Z884R6;
				INFOPLIST_FILE = SelfCareUITests/Info.plist;
				LD_RUNPATH_SEARCH_PATHS = (
					"$(inherited)",
					"@executable_path/Frameworks",
					"@loader_path/Frameworks",
				);
				PRODUCT_BUNDLE_IDENTIFIER = com.kreid.SelfCareUITests;
				PRODUCT_NAME = "$(TARGET_NAME)";
				SWIFT_VERSION = 4.2;
				TARGETED_DEVICE_FAMILY = "1,2";
				TEST_TARGET_NAME = SelfCare;
			};
			name = Release;
		};
/* End XCBuildConfiguration section */

/* Begin XCConfigurationList section */
		0CAD976421FE693600F9E318 /* Build configuration list for PBXProject "SelfCare" */ = {
			isa = XCConfigurationList;
			buildConfigurations = (
				0CAD978F21FE693C00F9E318 /* Debug */,
				0CAD979021FE693C00F9E318 /* Release */,
			);
			defaultConfigurationIsVisible = 0;
			defaultConfigurationName = Release;
		};
		0CAD979121FE693C00F9E318 /* Build configuration list for PBXNativeTarget "SelfCare" */ = {
			isa = XCConfigurationList;
			buildConfigurations = (
				0CAD979221FE693C00F9E318 /* Debug */,
				0CAD979321FE693C00F9E318 /* Release */,
			);
			defaultConfigurationIsVisible = 0;
			defaultConfigurationName = Release;
		};
		0CAD979421FE693C00F9E318 /* Build configuration list for PBXNativeTarget "SelfCareTests" */ = {
			isa = XCConfigurationList;
			buildConfigurations = (
				0CAD979521FE693C00F9E318 /* Debug */,
				0CAD979621FE693C00F9E318 /* Release */,
			);
			defaultConfigurationIsVisible = 0;
			defaultConfigurationName = Release;
		};
		0CAD979721FE693C00F9E318 /* Build configuration list for PBXNativeTarget "SelfCareUITests" */ = {
			isa = XCConfigurationList;
			buildConfigurations = (
				0CAD979821FE693C00F9E318 /* Debug */,
				0CAD979921FE693C00F9E318 /* Release */,
			);
			defaultConfigurationIsVisible = 0;
			defaultConfigurationName = Release;
		};
/* End XCConfigurationList section */
	};
	rootObject = 0CAD976121FE693600F9E318 /* Project object */;
}
